
Microsoft Visual Studio Solution File, Format Version 12.00
# Visual Studio Version 17
VisualStudioVersion = 17.2.32516.85
MinimumVisualStudioVersion = 10.0.40219.1
Project("{FAE04EC0-301F-11D3-BF4B-00C04F79EFBC}") = "Blazor_Transaction_App", "Blazor_Transaction_App\Blazor_Transaction_App.csproj", "{F90E696B-E0FB-45EB-8873-04FDBF4AB318}"
EndProject
Global
	GlobalSection(SolutionConfigurationPlatforms) = preSolution
		Debug|Any CPU = Debug|Any CPU
		Release|Any CPU = Release|Any CPU
	EndGlobalSection
	GlobalSection(ProjectConfigurationPlatforms) = postSolution
		{F90E696B-E0FB-45EB-8873-04FDBF4AB318}.Debug|Any CPU.ActiveCfg = Debug|Any CPU
		{F90E696B-E0FB-45EB-8873-04FDBF4AB318}.Debug|Any CPU.Build.0 = Debug|Any CPU
		{F90E696B-E0FB-45EB-8873-04FDBF4AB318}.Release|Any CPU.ActiveCfg = Release|Any CPU
		{F90E696B-E0FB-45EB-8873-04FDBF4AB318}.Release|Any CPU.Build.0 = Release|Any CPU
	EndGlobalSection
	GlobalSection(SolutionProperties) = preSolution
		HideSolutionNode = FALSE
	EndGlobalSection
	GlobalSection(ExtensibilityGlobals) = postSolution
		SolutionGuid = {5C279D26-D0D5-454A-ABA3-72C33A0B0823}
	EndGlobalSection
EndGlobal
